
Microsoft Visual Studio Solution File, Format Version 12.00
# Visual Studio 15
VisualStudioVersion = 15.0.26430.12
MinimumVisualStudioVersion = 10.0.40219.1
Project("{FAE04EC0-301F-11D3-BF4B-00C04F79EFBC}") = "DistCache.Server", "DistCache.Server\DistCache.Server.csproj", "{4D93F94B-F30F-47F2-8F4F-425B6CEB1A9C}"
EndProject
Project("{FAE04EC0-301F-11D3-BF4B-00C04F79EFBC}") = "DistCache.Tests", "DistCache.Tests\DistCache.Tests.csproj", "{B7B5C1DC-0FFE-49D9-94E9-5B0864BDB48D}"
EndProject
Project("{FAE04EC0-301F-11D3-BF4B-00C04F79EFBC}") = "DistCache.Common", "DistCache.Common\DistCache.Common.csproj", "{4D86AB21-6BA8-4FA0-888D-D7581C6AFD14}"
EndProject
Project("{FAE04EC0-301F-11D3-BF4B-00C04F79EFBC}") = "DistCache.Client", "DistCache.Client\DistCache.Client.csproj", "{DD1F1BAA-5F03-4CA1-892D-40641A060A7B}"
EndProject
Project("{FAE04EC0-301F-11D3-BF4B-00C04F79EFBC}") = "ServerRunningDummy", "ServerRunningDummy\ServerRunningDummy.csproj", "{21798D7D-1DD4-4D5E-8DED-69B58CB89066}"
EndProject
Global
	GlobalSection(SolutionConfigurationPlatforms) = preSolution
		Debug|Any CPU = Debug|Any CPU
		Release|Any CPU = Release|Any CPU
	EndGlobalSection
	GlobalSection(ProjectConfigurationPlatforms) = postSolution
		{4D93F94B-F30F-47F2-8F4F-425B6CEB1A9C}.Debug|Any CPU.ActiveCfg = Debug|Any CPU
		{4D93F94B-F30F-47F2-8F4F-425B6CEB1A9C}.Debug|Any CPU.Build.0 = Debug|Any CPU
		{4D93F94B-F30F-47F2-8F4F-425B6CEB1A9C}.Release|Any CPU.ActiveCfg = Release|Any CPU
		{4D93F94B-F30F-47F2-8F4F-425B6CEB1A9C}.Release|Any CPU.Build.0 = Release|Any CPU
		{B7B5C1DC-0FFE-49D9-94E9-5B0864BDB48D}.Debug|Any CPU.ActiveCfg = Debug|Any CPU
		{B7B5C1DC-0FFE-49D9-94E9-5B0864BDB48D}.Debug|Any CPU.Build.0 = Debug|Any CPU
		{B7B5C1DC-0FFE-49D9-94E9-5B0864BDB48D}.Release|Any CPU.ActiveCfg = Release|Any CPU
		{B7B5C1DC-0FFE-49D9-94E9-5B0864BDB48D}.Release|Any CPU.Build.0 = Release|Any CPU
		{4D86AB21-6BA8-4FA0-888D-D7581C6AFD14}.Debug|Any CPU.ActiveCfg = Debug|Any CPU
		{4D86AB21-6BA8-4FA0-888D-D7581C6AFD14}.Debug|Any CPU.Build.0 = Debug|Any CPU
		{4D86AB21-6BA8-4FA0-888D-D7581C6AFD14}.Release|Any CPU.ActiveCfg = Release|Any CPU
		{4D86AB21-6BA8-4FA0-888D-D7581C6AFD14}.Release|Any CPU.Build.0 = Release|Any CPU
		{DD1F1BAA-5F03-4CA1-892D-40641A060A7B}.Debug|Any CPU.ActiveCfg = Debug|Any CPU
		{DD1F1BAA-5F03-4CA1-892D-40641A060A7B}.Debug|Any CPU.Build.0 = Debug|Any CPU
		{DD1F1BAA-5F03-4CA1-892D-40641A060A7B}.Release|Any CPU.ActiveCfg = Release|Any CPU
		{DD1F1BAA-5F03-4CA1-892D-40641A060A7B}.Release|Any CPU.Build.0 = Release|Any CPU
		{21798D7D-1DD4-4D5E-8DED-69B58CB89066}.Debug|Any CPU.ActiveCfg = Debug|Any CPU
		{21798D7D-1DD4-4D5E-8DED-69B58CB89066}.Debug|Any CPU.Build.0 = Debug|Any CPU
		{21798D7D-1DD4-4D5E-8DED-69B58CB89066}.Release|Any CPU.ActiveCfg = Release|Any CPU
		{21798D7D-1DD4-4D5E-8DED-69B58CB89066}.Release|Any CPU.Build.0 = Release|Any CPU
	EndGlobalSection
	GlobalSection(SolutionProperties) = preSolution
		HideSolutionNode = FALSE
	EndGlobalSection
EndGlobal
